
Microsoft Visual Studio Solution File, Format Version 12.00
# Visual Studio Version 17
VisualStudioVersion = 17.0.31903.59
MinimumVisualStudioVersion = 10.0.40219.1
Project("{2150E333-8FDC-42A3-9474-1A3956D46DE8}") = "src", "src", "{186899AE-A8F6-4E27-B759-3134968C64B3}"
EndProject
Project("{FAE04EC0-301F-11D3-BF4B-00C04F79EFBC}") = "AuctionService", "src\AuctionService\AuctionService.csproj", "{ABB5CFA2-7A84-412A-8886-D2D95B39EA01}"
EndProject
Project("{FAE04EC0-301F-11D3-BF4B-00C04F79EFBC}") = "SearchService", "src\SearchService\SearchService.csproj", "{86399870-609D-4FE9-A361-9D0FE66FEE7F}"
EndProject
Project("{FAE04EC0-301F-11D3-BF4B-00C04F79EFBC}") = "Contracts", "src\Contracts\Contracts.csproj", "{EDE6A00B-ECDB-4596-B01E-04C05B4C3F3A}"
EndProject
Project("{FAE04EC0-301F-11D3-BF4B-00C04F79EFBC}") = "IdentityService", "src\IdentityService\IdentityService.csproj", "{A2E76670-0F67-42D0-9D0C-2DE7F4375E2C}"
EndProject
Project("{FAE04EC0-301F-11D3-BF4B-00C04F79EFBC}") = "GatewayService", "src\GatewayService\GatewayService.csproj", "{7CED2BCF-D293-48C9-8DF6-C79AE6D6D04F}"
EndProject
Project("{FAE04EC0-301F-11D3-BF4B-00C04F79EFBC}") = "BiddingService", "src\BiddingService\BiddingService.csproj", "{F0EF54D7-38C0-40E5-B5D2-1625E24E9561}"
EndProject
Global
	GlobalSection(SolutionConfigurationPlatforms) = preSolution
		Debug|Any CPU = Debug|Any CPU
		Release|Any CPU = Release|Any CPU
	EndGlobalSection
	GlobalSection(SolutionProperties) = preSolution
		HideSolutionNode = FALSE
	EndGlobalSection
	GlobalSection(ProjectConfigurationPlatforms) = postSolution
		{ABB5CFA2-7A84-412A-8886-D2D95B39EA01}.Debug|Any CPU.ActiveCfg = Debug|Any CPU
		{ABB5CFA2-7A84-412A-8886-D2D95B39EA01}.Debug|Any CPU.Build.0 = Debug|Any CPU
		{ABB5CFA2-7A84-412A-8886-D2D95B39EA01}.Release|Any CPU.ActiveCfg = Release|Any CPU
		{ABB5CFA2-7A84-412A-8886-D2D95B39EA01}.Release|Any CPU.Build.0 = Release|Any CPU
		{86399870-609D-4FE9-A361-9D0FE66FEE7F}.Debug|Any CPU.ActiveCfg = Debug|Any CPU
		{86399870-609D-4FE9-A361-9D0FE66FEE7F}.Debug|Any CPU.Build.0 = Debug|Any CPU
		{86399870-609D-4FE9-A361-9D0FE66FEE7F}.Release|Any CPU.ActiveCfg = Release|Any CPU
		{86399870-609D-4FE9-A361-9D0FE66FEE7F}.Release|Any CPU.Build.0 = Release|Any CPU
		{EDE6A00B-ECDB-4596-B01E-04C05B4C3F3A}.Debug|Any CPU.ActiveCfg = Debug|Any CPU
		{EDE6A00B-ECDB-4596-B01E-04C05B4C3F3A}.Debug|Any CPU.Build.0 = Debug|Any CPU
		{EDE6A00B-ECDB-4596-B01E-04C05B4C3F3A}.Release|Any CPU.ActiveCfg = Release|Any CPU
		{EDE6A00B-ECDB-4596-B01E-04C05B4C3F3A}.Release|Any CPU.Build.0 = Release|Any CPU
		{A2E76670-0F67-42D0-9D0C-2DE7F4375E2C}.Debug|Any CPU.ActiveCfg = Debug|Any CPU
		{A2E76670-0F67-42D0-9D0C-2DE7F4375E2C}.Debug|Any CPU.Build.0 = Debug|Any CPU
		{A2E76670-0F67-42D0-9D0C-2DE7F4375E2C}.Release|Any CPU.ActiveCfg = Release|Any CPU
		{A2E76670-0F67-42D0-9D0C-2DE7F4375E2C}.Release|Any CPU.Build.0 = Release|Any CPU
		{7CED2BCF-D293-48C9-8DF6-C79AE6D6D04F}.Debug|Any CPU.ActiveCfg = Debug|Any CPU
		{7CED2BCF-D293-48C9-8DF6-C79AE6D6D04F}.Debug|Any CPU.Build.0 = Debug|Any CPU
		{7CED2BCF-D293-48C9-8DF6-C79AE6D6D04F}.Release|Any CPU.ActiveCfg = Release|Any CPU
		{7CED2BCF-D293-48C9-8DF6-C79AE6D6D04F}.Release|Any CPU.Build.0 = Release|Any CPU
		{F0EF54D7-38C0-40E5-B5D2-1625E24E9561}.Debug|Any CPU.ActiveCfg = Debug|Any CPU
		{F0EF54D7-38C0-40E5-B5D2-1625E24E9561}.Debug|Any CPU.Build.0 = Debug|Any CPU
		{F0EF54D7-38C0-40E5-B5D2-1625E24E9561}.Release|Any CPU.ActiveCfg = Release|Any CPU
		{F0EF54D7-38C0-40E5-B5D2-1625E24E9561}.Release|Any CPU.Build.0 = Release|Any CPU
	EndGlobalSection
	GlobalSection(NestedProjects) = preSolution
		{ABB5CFA2-7A84-412A-8886-D2D95B39EA01} = {186899AE-A8F6-4E27-B759-3134968C64B3}
		{86399870-609D-4FE9-A361-9D0FE66FEE7F} = {186899AE-A8F6-4E27-B759-3134968C64B3}
		{EDE6A00B-ECDB-4596-B01E-04C05B4C3F3A} = {186899AE-A8F6-4E27-B759-3134968C64B3}
		{A2E76670-0F67-42D0-9D0C-2DE7F4375E2C} = {186899AE-A8F6-4E27-B759-3134968C64B3}
		{7CED2BCF-D293-48C9-8DF6-C79AE6D6D04F} = {186899AE-A8F6-4E27-B759-3134968C64B3}
		{F0EF54D7-38C0-40E5-B5D2-1625E24E9561} = {186899AE-A8F6-4E27-B759-3134968C64B3}
	EndGlobalSection
EndGlobal
